
Microsoft Visual Studio Solution File, Format Version 12.00
# Visual Studio Version 17
VisualStudioVersion = 17.8.34511.84
MinimumVisualStudioVersion = 10.0.40219.1
Project("{9A19103F-16F7-4668-BE54-9A1E7A4F7556}") = "TryCatchLecture", "TryCatchLecture\TryCatchLecture.csproj", "{1FEB1F57-D1B1-4C84-B89A-EB79B712D391}"
EndProject
Global
	GlobalSection(SolutionConfigurationPlatforms) = preSolution
		Debug|Any CPU = Debug|Any CPU
		Release|Any CPU = Release|Any CPU
	EndGlobalSection
	GlobalSection(ProjectConfigurationPlatforms) = postSolution
		{1FEB1F57-D1B1-4C84-B89A-EB79B712D391}.Debug|Any CPU.ActiveCfg = Debug|Any CPU
		{1FEB1F57-D1B1-4C84-B89A-EB79B712D391}.Debug|Any CPU.Build.0 = Debug|Any CPU
		{1FEB1F57-D1B1-4C84-B89A-EB79B712D391}.Release|Any CPU.ActiveCfg = Release|Any CPU
		{1FEB1F57-D1B1-4C84-B89A-EB79B712D391}.Release|Any CPU.Build.0 = Release|Any CPU
	EndGlobalSection
	GlobalSection(SolutionProperties) = preSolution
		HideSolutionNode = FALSE
	EndGlobalSection
	GlobalSection(ExtensibilityGlobals) = postSolution
		SolutionGuid = {C847A7D3-3D63-4714-BAFD-0F67334B8EC2}
	EndGlobalSection
EndGlobal
